PODS:
  - Alamofire (4.9.0)
  - DateToolsSwift (4.0.0)
  - Hex (6.1.0)
  - PromiseKit (6.11.0):
    - PromiseKit/CorePromise (= 6.11.0)
    - PromiseKit/Foundation (= 6.11.0)
    - PromiseKit/UIKit (= 6.11.0)
  - PromiseKit/CorePromise (6.11.0)
  - PromiseKit/Foundation (6.11.0):
    - PromiseKit/CorePromise
  - PromiseKit/UIKit (6.11.0):
    - PromiseKit/CorePromise

DEPENDENCIES:
  - Alamofire
  - DateToolsSwift
  - Hex
  - PromiseKit

SPEC REPOS:
  trunk:
    - Alamofire
    - DateToolsSwift
    - Hex
    - PromiseKit

SPEC CHECKSUMS:
  Alamofire: afc3e7c6db61476cb45cdd23fed06bad03bbc321
  DateToolsSwift: 875d97ff9e3a5d54abdd67a269b3f51c757b71ab
  Hex: 2f67dd0cbb178cb24992e7529b025b8d16ff0bdc
  PromiseKit: e4863d06976e7dee5e41c04fc7371c16b3600292

PODFILE CHECKSUM: cb2a3092e08752b1c4501bad862d0f7482cb83f9

COCOAPODS: 1.8.4
